
Microsoft Visual Studio Solution File, Format Version 12.00
# Visual Studio Version 17
VisualStudioVersion = 17.14.36203.30
MinimumVisualStudioVersion = 10.0.40219.1
Project("{FAE04EC0-301F-11D3-BF4B-00C04F79EFBC}") = "UserService", "UserService\UserService.csproj", "{9C9BFBD5-F8B5-43D7-84FE-9875913D52FD}"
EndProject
Project("{FAE04EC0-301F-11D3-BF4B-00C04F79EFBC}") = "Gateway", "Gateway\Gateway.csproj", "{5B8B4EBF-F15A-48F8-A0DE-650BD469B584}"
EndProject
Project("{FAE04EC0-301F-11D3-BF4B-00C04F79EFBC}") = "SharedLibrary", "SharedLibrary\SharedLibrary.csproj", "{FC1B7D98-DBF2-4722-8745-E8C462713D45}"
EndProject
Project("{FAE04EC0-301F-11D3-BF4B-00C04F79EFBC}") = "TransactionService", "TransactionService\TransactionService.csproj", "{AEAF5EDF-65B5-4FFE-8ED0-8A1D8B514A32}"
EndProject
Global
	GlobalSection(SolutionConfigurationPlatforms) = preSolution
		Debug|Any CPU = Debug|Any CPU
		Release|Any CPU = Release|Any CPU
	EndGlobalSection
	GlobalSection(ProjectConfigurationPlatforms) = postSolution
		{9C9BFBD5-F8B5-43D7-84FE-9875913D52FD}.Debug|Any CPU.ActiveCfg = Debug|Any CPU
		{9C9BFBD5-F8B5-43D7-84FE-9875913D52FD}.Debug|Any CPU.Build.0 = Debug|Any CPU
		{9C9BFBD5-F8B5-43D7-84FE-9875913D52FD}.Release|Any CPU.ActiveCfg = Release|Any CPU
		{9C9BFBD5-F8B5-43D7-84FE-9875913D52FD}.Release|Any CPU.Build.0 = Release|Any CPU
		{5B8B4EBF-F15A-48F8-A0DE-650BD469B584}.Debug|Any CPU.ActiveCfg = Debug|Any CPU
		{5B8B4EBF-F15A-48F8-A0DE-650BD469B584}.Debug|Any CPU.Build.0 = Debug|Any CPU
		{5B8B4EBF-F15A-48F8-A0DE-650BD469B584}.Release|Any CPU.ActiveCfg = Release|Any CPU
		{5B8B4EBF-F15A-48F8-A0DE-650BD469B584}.Release|Any CPU.Build.0 = Release|Any CPU
		{FC1B7D98-DBF2-4722-8745-E8C462713D45}.Debug|Any CPU.ActiveCfg = Debug|Any CPU
		{FC1B7D98-DBF2-4722-8745-E8C462713D45}.Debug|Any CPU.Build.0 = Debug|Any CPU
		{FC1B7D98-DBF2-4722-8745-E8C462713D45}.Release|Any CPU.ActiveCfg = Release|Any CPU
		{FC1B7D98-DBF2-4722-8745-E8C462713D45}.Release|Any CPU.Build.0 = Release|Any CPU
		{AEAF5EDF-65B5-4FFE-8ED0-8A1D8B514A32}.Debug|Any CPU.ActiveCfg = Debug|Any CPU
		{AEAF5EDF-65B5-4FFE-8ED0-8A1D8B514A32}.Debug|Any CPU.Build.0 = Debug|Any CPU
		{AEAF5EDF-65B5-4FFE-8ED0-8A1D8B514A32}.Release|Any CPU.ActiveCfg = Release|Any CPU
		{AEAF5EDF-65B5-4FFE-8ED0-8A1D8B514A32}.Release|Any CPU.Build.0 = Release|Any CPU
	EndGlobalSection
	GlobalSection(SolutionProperties) = preSolution
		HideSolutionNode = FALSE
	EndGlobalSection
	GlobalSection(ExtensibilityGlobals) = postSolution
		SolutionGuid = {2799E685-BEBA-456A-AA18-09009C7CE7AE}
	EndGlobalSection
EndGlobal
